// !$*UTF8*$!
{
	archiveVersion = 1;
	classes = {
	};
	objectVersion = 46;
	objects = {

/* Begin PBXBuildFile section */
		CA1AE4261BB207D40080D6AA /* City+CoreDataProperties.m in Sources */ = {isa = PBXBuildFile; fileRef = CA1AE4071BB207D40080D6AA /* City+CoreDataProperties.m */; settings = {ASSET_TAGS = (); }; };
		CA1AE4271BB207D40080D6AA /* City.m in Sources */ = {isa = PBXBuildFile; fileRef = CA1AE4091BB207D40080D6AA /* City.m */; settings = {ASSET_TAGS = (); }; };
		CA1AE4281BB207D40080D6AA /* Location+CoreDataProperties.m in Sources */ = {isa = PBXBuildFile; fileRef = CA1AE40B1BB207D40080D6AA /* Location+CoreDataProperties.m */; settings = {ASSET_TAGS = (); }; };
		CA1AE4291BB207D40080D6AA /* Location.m in Sources */ = {isa = PBXBuildFile; fileRef = CA1AE40D1BB207D40080D6AA /* Location.m */; settings = {ASSET_TAGS = (); }; };
		CA1AE42A1BB207D40080D6AA /* Model.xcdatamodeld in Sources */ = {isa = PBXBuildFile; fileRef = CA1AE40E1BB207D40080D6AA /* Model.xcdatamodeld */; settings = {ASSET_TAGS = (); }; };
		CA1AE42B1BB207D40080D6AA /* User+CoreDataProperties.m in Sources */ = {isa = PBXBuildFile; fileRef = CA1AE4111BB207D40080D6AA /* User+CoreDataProperties.m */; settings = {ASSET_TAGS = (); }; };
		CA1AE42C1BB207D40080D6AA /* User.m in Sources */ = {isa = PBXBuildFile; fileRef = CA1AE4131BB207D40080D6AA /* User.m */; settings = {ASSET_TAGS = (); }; };
		CA1AE42D1BB207D40080D6AA /* DataStack.m in Sources */ = {isa = PBXBuildFile; fileRef = CA1AE4171BB207D40080D6AA /* DataStack.m */; settings = {ASSET_TAGS = (); }; };
		CA1AE42E1BB207D40080D6AA /* NSURLSession+DownloadFromAddress.m in Sources */ = {isa = PBXBuildFile; fileRef = CA1AE4191BB207D40080D6AA /* NSURLSession+DownloadFromAddress.m */; settings = {ASSET_TAGS = (); }; };
		CA1AE42F1BB207D40080D6AA /* AttractionsListCell.m in Sources */ = {isa = PBXBuildFile; fileRef = CA1AE41C1BB207D40080D6AA /* AttractionsListCell.m */; settings = {ASSET_TAGS = (); }; };
		CA1AE4301BB207D40080D6AA /* AttractionDetailViewController.m in Sources */ = {isa = PBXBuildFile; fileRef = CA1AE41F1BB207D40080D6AA /* AttractionDetailViewController.m */; settings = {ASSET_TAGS = (); }; };
		CA1AE4311BB207D40080D6AA /* AttractionsTableViewController.m in Sources */ = {isa = PBXBuildFile; fileRef = CA1AE4211BB207D40080D6AA /* AttractionsTableViewController.m */; settings = {ASSET_TAGS = (); }; };
		CA1AE4321BB207D40080D6AA /* CityViewController.m in Sources */ = {isa = PBXBuildFile; fileRef = CA1AE4231BB207D40080D6AA /* CityViewController.m */; settings = {ASSET_TAGS = (); }; };
		CA1AE4331BB207D40080D6AA /* MapAttractionsViewController.m in Sources */ = {isa = PBXBuildFile; fileRef = CA1AE4251BB207D40080D6AA /* MapAttractionsViewController.m */; settings = {ASSET_TAGS = (); }; };
		CA4C28AB1BB08630001DE2EB /* main.m in Sources */ = {isa = PBXBuildFile; fileRef = CA4C28AA1BB08630001DE2EB /* main.m */; };
		CA4C28AE1BB08630001DE2EB /* AppDelegate.m in Sources */ = {isa = PBXBuildFile; fileRef = CA4C28AD1BB08630001DE2EB /* AppDelegate.m */; };
		CA4C28B71BB08630001DE2EB /* Main.storyboard in Resources */ = {isa = PBXBuildFile; fileRef = CA4C28B51BB08630001DE2EB /* Main.storyboard */; };
		CA4C28B91BB08630001DE2EB /* Assets.xcassets in Resources */ = {isa = PBXBuildFile; fileRef = CA4C28B81BB08630001DE2EB /* Assets.xcassets */; };
		CA4C28BC1BB08630001DE2EB /* LaunchScreen.storyboard in Resources */ = {isa = PBXBuildFile; fileRef = CA4C28BA1BB08630001DE2EB /* LaunchScreen.storyboard */; };
/* End PBXBuildFile section */

/* Begin PBXFileReference section */
		CA1AE4061BB207D40080D6AA /* City+CoreDataProperties.h */ = {isa = PBXFileReference; fileEncoding = 4; lastKnownFileType = sourcecode.c.h; path = "City+CoreDataProperties.h"; sourceTree = "<group>"; };
		CA1AE4071BB207D40080D6AA /* City+CoreDataProperties.m */ = {isa = PBXFileReference; fileEncoding = 4; lastKnownFileType = sourcecode.c.objc; path = "City+CoreDataProperties.m"; sourceTree = "<group>"; };
		CA1AE4081BB207D40080D6AA /* City.h */ = {isa = PBXFileReference; fileEncoding = 4; lastKnownFileType = sourcecode.c.h; path = City.h; sourceTree = "<group>"; };
		CA1AE4091BB207D40080D6AA /* City.m */ = {isa = PBXFileReference; fileEncoding = 4; lastKnownFileType = sourcecode.c.objc; path = City.m; sourceTree = "<group>"; };
		CA1AE40A1BB207D40080D6AA /* Location+CoreDataProperties.h */ = {isa = PBXFileReference; fileEncoding = 4; lastKnownFileType = sourcecode.c.h; path = "Location+CoreDataProperties.h"; sourceTree = "<group>"; };
		CA1AE40B1BB207D40080D6AA /* Location+CoreDataProperties.m */ = {isa = PBXFileReference; fileEncoding = 4; lastKnownFileType = sourcecode.c.objc; path = "Location+CoreDataProperties.m"; sourceTree = "<group>"; };
		CA1AE40C1BB207D40080D6AA /* Location.h */ = {isa = PBXFileReference; fileEncoding = 4; lastKnownFileType = sourcecode.c.h; path = Location.h; sourceTree = "<group>"; };
		CA1AE40D1BB207D40080D6AA /* Location.m */ = {isa = PBXFileReference; fileEncoding = 4; lastKnownFileType = sourcecode.c.objc; path = Location.m; sourceTree = "<group>"; };
		CA1AE40F1BB207D40080D6AA /* Model.xcdatamodel */ = {isa = PBXFileReference; lastKnownFileType = wrapper.xcdatamodel; path = Model.xcdatamodel; sourceTree = "<group>"; };
		CA1AE4101BB207D40080D6AA /* User+CoreDataProperties.h */ = {isa = PBXFileReference; fileEncoding = 4; lastKnownFileType = sourcecode.c.h; path = "User+CoreDataProperties.h"; sourceTree = "<group>"; };
		CA1AE4111BB207D40080D6AA /* User+CoreDataProperties.m */ = {isa = PBXFileReference; fileEncoding = 4; lastKnownFileType = sourcecode.c.objc; path = "User+CoreDataProperties.m"; sourceTree = "<group>"; };
		CA1AE4121BB207D40080D6AA /* User.h */ = {isa = PBXFileReference; fileEncoding = 4; lastKnownFileType = sourcecode.c.h; path = User.h; sourceTree = "<group>"; };
		CA1AE4131BB207D40080D6AA /* User.m */ = {isa = PBXFileReference; fileEncoding = 4; lastKnownFileType = sourcecode.c.objc; path = User.m; sourceTree = "<group>"; };
		CA1AE4151BB207D40080D6AA /* Constants.h */ = {isa = PBXFileReference; fileEncoding = 4; lastKnownFileType = sourcecode.c.h; path = Constants.h; sourceTree = "<group>"; };
		CA1AE4161BB207D40080D6AA /* DataStack.h */ = {isa = PBXFileReference; fileEncoding = 4; lastKnownFileType = sourcecode.c.h; path = DataStack.h; sourceTree = "<group>"; };
		CA1AE4171BB207D40080D6AA /* DataStack.m */ = {isa = PBXFileReference; fileEncoding = 4; lastKnownFileType = sourcecode.c.objc; path = DataStack.m; sourceTree = "<group>"; };
		CA1AE4181BB207D40080D6AA /* NSURLSession+DownloadFromAddress.h */ = {isa = PBXFileReference; fileEncoding = 4; lastKnownFileType = sourcecode.c.h; path = "NSURLSession+DownloadFromAddress.h"; sourceTree = "<group>"; };
		CA1AE4191BB207D40080D6AA /* NSURLSession+DownloadFromAddress.m */ = {isa = PBXFileReference; fileEncoding = 4; lastKnownFileType = sourcecode.c.objc; path = "NSURLSession+DownloadFromAddress.m"; sourceTree = "<group>"; };
		CA1AE41B1BB207D40080D6AA /* AttractionsListCell.h */ = {isa = PBXFileReference; fileEncoding = 4; lastKnownFileType = sourcecode.c.h; path = AttractionsListCell.h; sourceTree = "<group>"; };
		CA1AE41C1BB207D40080D6AA /* AttractionsListCell.m */ = {isa = PBXFileReference; fileEncoding = 4; lastKnownFileType = sourcecode.c.objc; path = AttractionsListCell.m; sourceTree = "<group>"; };
		CA1AE41E1BB207D40080D6AA /* AttractionDetailViewController.h */ = {isa = PBXFileReference; fileEncoding = 4; lastKnownFileType = sourcecode.c.h; path = AttractionDetailViewController.h; sourceTree = "<group>"; };
		CA1AE41F1BB207D40080D6AA /* AttractionDetailViewController.m */ = {isa = PBXFileReference; fileEncoding = 4; lastKnownFileType = sourcecode.c.objc; path = AttractionDetailViewController.m; sourceTree = "<group>"; };
		CA1AE4201BB207D40080D6AA /* AttractionsTableViewController.h */ = {isa = PBXFileReference; fileEncoding = 4; lastKnownFileType = sourcecode.c.h; path = AttractionsTableViewController.h; sourceTree = "<group>"; };
		CA1AE4211BB207D40080D6AA /* AttractionsTableViewController.m */ = {isa = PBXFileReference; fileEncoding = 4; lastKnownFileType = sourcecode.c.objc; path = AttractionsTableViewController.m; sourceTree = "<group>"; };
		CA1AE4221BB207D40080D6AA /* CityViewController.h */ = {isa = PBXFileReference; fileEncoding = 4; lastKnownFileType = sourcecode.c.h; path = CityViewController.h; sourceTree = "<group>"; };
		CA1AE4231BB207D40080D6AA /* CityViewController.m */ = {isa = PBXFileReference; fileEncoding = 4; lastKnownFileType = sourcecode.c.objc; path = CityViewController.m; sourceTree = "<group>"; };
		CA1AE4241BB207D40080D6AA /* MapAttractionsViewController.h */ = {isa = PBXFileReference; fileEncoding = 4; lastKnownFileType = sourcecode.c.h; path = MapAttractionsViewController.h; sourceTree = "<group>"; };
		CA1AE4251BB207D40080D6AA /* MapAttractionsViewController.m */ = {isa = PBXFileReference; fileEncoding = 4; lastKnownFileType = sourcecode.c.objc; path = MapAttractionsViewController.m; sourceTree = "<group>"; };
		CA4C28A61BB08630001DE2EB /* Project-Vienna.app */ = {isa = PBXFileReference; explicitFileType = wrapper.application; includeInIndex = 0; path = "Project-Vienna.app"; sourceTree = BUILT_PRODUCTS_DIR; };
		CA4C28AA1BB08630001DE2EB /* main.m */ = {isa = PBXFileReference; lastKnownFileType = sourcecode.c.objc; path = main.m; sourceTree = "<group>"; };
		CA4C28AC1BB08630001DE2EB /* AppDelegate.h */ = {isa = PBXFileReference; lastKnownFileType = sourcecode.c.h; path = AppDelegate.h; sourceTree = "<group>"; };
		CA4C28AD1BB08630001DE2EB /* AppDelegate.m */ = {isa = PBXFileReference; lastKnownFileType = sourcecode.c.objc; path = AppDelegate.m; sourceTree = "<group>"; };
		CA4C28B61BB08630001DE2EB /* Base */ = {isa = PBXFileReference; lastKnownFileType = file.storyboard; name = Base; path = Base.lproj/Main.storyboard; sourceTree = "<group>"; };
		CA4C28B81BB08630001DE2EB /* Assets.xcassets */ = {isa = PBXFileReference; lastKnownFileType = folder.assetcatalog; path = Assets.xcassets; sourceTree = "<group>"; };
		CA4C28BB1BB08630001DE2EB /* Base */ = {isa = PBXFileReference; lastKnownFileType = file.storyboard; name = Base; path = Base.lproj/LaunchScreen.storyboard; sourceTree = "<group>"; };
		CA4C28BD1BB08630001DE2EB /* Info.plist */ = {isa = PBXFileReference; lastKnownFileType = text.plist.xml; path = Info.plist; sourceTree = "<group>"; };
/* End PBXFileReference section */

/* Begin PBXFrameworksBuildPhase section */
		CA4C28A31BB08630001DE2EB /* Frameworks */ = {
			isa = PBXFrameworksBuildPhase;
			buildActionMask = 2147483647;
			files = (
			);
			runOnlyForDeploymentPostprocessing = 0;
		};
/* End PBXFrameworksBuildPhase section */

/* Begin PBXGroup section */
		CA1AE4051BB207D40080D6AA /* Model */ = {
			isa = PBXGroup;
			children = (
				CA1AE4061BB207D40080D6AA /* City+CoreDataProperties.h */,
				CA1AE4071BB207D40080D6AA /* City+CoreDataProperties.m */,
				CA1AE4081BB207D40080D6AA /* City.h */,
				CA1AE4091BB207D40080D6AA /* City.m */,
				CA1AE40A1BB207D40080D6AA /* Location+CoreDataProperties.h */,
				CA1AE40B1BB207D40080D6AA /* Location+CoreDataProperties.m */,
				CA1AE40C1BB207D40080D6AA /* Location.h */,
				CA1AE40D1BB207D40080D6AA /* Location.m */,
				CA1AE40E1BB207D40080D6AA /* Model.xcdatamodeld */,
				CA1AE4101BB207D40080D6AA /* User+CoreDataProperties.h */,
				CA1AE4111BB207D40080D6AA /* User+CoreDataProperties.m */,
				CA1AE4121BB207D40080D6AA /* User.h */,
				CA1AE4131BB207D40080D6AA /* User.m */,
			);
			path = Model;
			sourceTree = "<group>";
		};
		CA1AE4141BB207D40080D6AA /* Support */ = {
			isa = PBXGroup;
			children = (
				CA1AE4151BB207D40080D6AA /* Constants.h */,
				CA1AE4161BB207D40080D6AA /* DataStack.h */,
				CA1AE4171BB207D40080D6AA /* DataStack.m */,
				CA1AE4181BB207D40080D6AA /* NSURLSession+DownloadFromAddress.h */,
				CA1AE4191BB207D40080D6AA /* NSURLSession+DownloadFromAddress.m */,
			);
			path = Support;
			sourceTree = "<group>";
		};
		CA1AE41A1BB207D40080D6AA /* View */ = {
			isa = PBXGroup;
			children = (
				CA1AE41B1BB207D40080D6AA /* AttractionsListCell.h */,
				CA1AE41C1BB207D40080D6AA /* AttractionsListCell.m */,
			);
			path = View;
			sourceTree = "<group>";
		};
		CA1AE41D1BB207D40080D6AA /* ViewControllers */ = {
			isa = PBXGroup;
			children = (
				CA1AE41E1BB207D40080D6AA /* AttractionDetailViewController.h */,
				CA1AE41F1BB207D40080D6AA /* AttractionDetailViewController.m */,
				CA1AE4201BB207D40080D6AA /* AttractionsTableViewController.h */,
				CA1AE4211BB207D40080D6AA /* AttractionsTableViewController.m */,
				CA1AE4221BB207D40080D6AA /* CityViewController.h */,
				CA1AE4231BB207D40080D6AA /* CityViewController.m */,
				CA1AE4241BB207D40080D6AA /* MapAttractionsViewController.h */,
				CA1AE4251BB207D40080D6AA /* MapAttractionsViewController.m */,
			);
			path = ViewControllers;
			sourceTree = "<group>";
		};
		CA4C289D1BB08630001DE2EB = {
			isa = PBXGroup;
			children = (
				CA4C28A81BB08630001DE2EB /* Project-Vienna */,
				CA4C28A71BB08630001DE2EB /* Products */,
			);
			sourceTree = "<group>";
		};
		CA4C28A71BB08630001DE2EB /* Products */ = {
			isa = PBXGroup;
			children = (
				CA4C28A61BB08630001DE2EB /* Project-Vienna.app */,
			);
			name = Products;
			sourceTree = "<group>";
		};
		CA4C28A81BB08630001DE2EB /* Project-Vienna */ = {
			isa = PBXGroup;
			children = (
				CA1AE4051BB207D40080D6AA /* Model */,
				CA1AE4141BB207D40080D6AA /* Support */,
				CA1AE41A1BB207D40080D6AA /* View */,
				CA1AE41D1BB207D40080D6AA /* ViewControllers */,
				CA4C28AC1BB08630001DE2EB /* AppDelegate.h */,
				CA4C28AD1BB08630001DE2EB /* AppDelegate.m */,
				CA4C28B51BB08630001DE2EB /* Main.storyboard */,
				CA4C28B81BB08630001DE2EB /* Assets.xcassets */,
				CA4C28BA1BB08630001DE2EB /* LaunchScreen.storyboard */,
				CA4C28BD1BB08630001DE2EB /* Info.plist */,
				CA4C28A91BB08630001DE2EB /* Supporting Files */,
			);
			path = "Project-Vienna";
			sourceTree = "<group>";
		};
		CA4C28A91BB08630001DE2EB /* Supporting Files */ = {
			isa = PBXGroup;
			children = (
				CA4C28AA1BB08630001DE2EB /* main.m */,
			);
			name = "Supporting Files";
			sourceTree = "<group>";
		};
/* End PBXGroup section */

/* Begin PBXNativeTarget section */
		CA4C28A51BB08630001DE2EB /* Project-Vienna */ = {
			isa = PBXNativeTarget;
			buildConfigurationList = CA4C28C01BB08630001DE2EB /* Build configuration list for PBXNativeTarget "Project-Vienna" */;
			buildPhases = (
				CA4C28A21BB08630001DE2EB /* Sources */,
				CA4C28A31BB08630001DE2EB /* Frameworks */,
				CA4C28A41BB08630001DE2EB /* Resources */,
			);
			buildRules = (
			);
			dependencies = (
			);
			name = "Project-Vienna";
			productName = "Project-Vienna";
			productReference = CA4C28A61BB08630001DE2EB /* Project-Vienna.app */;
			productType = "com.apple.product-type.application";
		};
/* End PBXNativeTarget section */

/* Begin PBXProject section */
		CA4C289E1BB08630001DE2EB /* Project object */ = {
			isa = PBXProject;
			attributes = {
				LastUpgradeCheck = 0700;
				ORGANIZATIONNAME = "Rodrigo Moura Gonçalves";
				TargetAttributes = {
					CA4C28A51BB08630001DE2EB = {
						CreatedOnToolsVersion = 7.0;
					};
				};
			};
			buildConfigurationList = CA4C28A11BB08630001DE2EB /* Build configuration list for PBXProject "Project-Vienna" */;
			compatibilityVersion = "Xcode 3.2";
			developmentRegion = English;
			hasScannedForEncodings = 0;
			knownRegions = (
				en,
				Base,
			);
			mainGroup = CA4C289D1BB08630001DE2EB;
			productRefGroup = CA4C28A71BB08630001DE2EB /* Products */;
			projectDirPath = "";
			projectRoot = "";
			targets = (
				CA4C28A51BB08630001DE2EB /* Project-Vienna */,
			);
		};
/* End PBXProject section */

/* Begin PBXResourcesBuildPhase section */
		CA4C28A41BB08630001DE2EB /* Resources */ = {
			isa = PBXResourcesBuildPhase;
			buildActionMask = 2147483647;
			files = (
				CA4C28BC1BB08630001DE2EB /* LaunchScreen.storyboard in Resources */,
				CA4C28B91BB08630001DE2EB /* Assets.xcassets in Resources */,
				CA4C28B71BB08630001DE2EB /* Main.storyboard in Resources */,
			);
			runOnlyForDeploymentPostprocessing = 0;
		};
/* End PBXResourcesBuildPhase section */

/* Begin PBXSourcesBuildPhase section */
		CA4C28A21BB08630001DE2EB /* Sources */ = {
			isa = PBXSourcesBuildPhase;
			buildActionMask = 2147483647;
			files = (
				CA1AE4301BB207D40080D6AA /* AttractionDetailViewController.m in Sources */,
				CA1AE42D1BB207D40080D6AA /* DataStack.m in Sources */,
				CA1AE4331BB207D40080D6AA /* MapAttractionsViewController.m in Sources */,
				CA1AE4261BB207D40080D6AA /* City+CoreDataProperties.m in Sources */,
				CA4C28AE1BB08630001DE2EB /* AppDelegate.m in Sources */,
				CA1AE42C1BB207D40080D6AA /* User.m in Sources */,
				CA1AE42F1BB207D40080D6AA /* AttractionsListCell.m in Sources */,
				CA1AE4281BB207D40080D6AA /* Location+CoreDataProperties.m in Sources */,
				CA1AE42A1BB207D40080D6AA /* Model.xcdatamodeld in Sources */,
				CA1AE4271BB207D40080D6AA /* City.m in Sources */,
				CA1AE4291BB207D40080D6AA /* Location.m in Sources */,
				CA1AE4311BB207D40080D6AA /* AttractionsTableViewController.m in Sources */,
				CA1AE42B1BB207D40080D6AA /* User+CoreDataProperties.m in Sources */,
				CA1AE4321BB207D40080D6AA /* CityViewController.m in Sources */,
				CA1AE42E1BB207D40080D6AA /* NSURLSession+DownloadFromAddress.m in Sources */,
				CA4C28AB1BB08630001DE2EB /* main.m in Sources */,
			);
			runOnlyForDeploymentPostprocessing = 0;
		};
/* End PBXSourcesBuildPhase section */

/* Begin PBXVariantGroup section */
		CA4C28B51BB08630001DE2EB /* Main.storyboard */ = {
			isa = PBXVariantGroup;
			children = (
				CA4C28B61BB08630001DE2EB /* Base */,
			);
			name = Main.storyboard;
			sourceTree = "<group>";
		};
		CA4C28BA1BB08630001DE2EB /* LaunchScreen.storyboard */ = {
			isa = PBXVariantGroup;
			children = (
				CA4C28BB1BB08630001DE2EB /* Base */,
			);
			name = LaunchScreen.storyboard;
			sourceTree = "<group>";
		};
/* End PBXVariantGroup section */

/* Begin XCBuildConfiguration section */
		CA4C28BE1BB08630001DE2EB /* Debug */ = {
			isa = XCBuildConfiguration;
			buildSettings = {
				ALWAYS_SEARCH_USER_PATHS = NO;
				CLANG_CXX_LANGUAGE_STANDARD = "gnu++0x";
				CLANG_CXX_LIBRARY = "libc++";
				CLANG_ENABLE_MODULES = YES;
				CLANG_ENABLE_OBJC_ARC = YES;
				CLANG_WARN_BOOL_CONVERSION = YES;
				CLANG_WARN_CONSTANT_CONVERSION = YES;
				CLANG_WARN_DIRECT_OBJC_ISA_USAGE = YES_ERROR;
				CLANG_WARN_EMPTY_BODY = YES;
				CLANG_WARN_ENUM_CONVERSION = YES;
				CLANG_WARN_INT_CONVERSION = YES;
				CLANG_WARN_OBJC_ROOT_CLASS = YES_ERROR;
				CLANG_WARN_UNREACHABLE_CODE = YES;
				CLANG_WARN__DUPLICATE_METHOD_MATCH = YES;
				"CODE_SIGN_IDENTITY[sdk=iphoneos*]" = "iPhone Developer";
				COPY_PHASE_STRIP = NO;
				DEBUG_INFORMATION_FORMAT = dwarf;
				ENABLE_STRICT_OBJC_MSGSEND = YES;
				ENABLE_TESTABILITY = YES;
				GCC_C_LANGUAGE_STANDARD = gnu99;
				GCC_DYNAMIC_NO_PIC = NO;
				GCC_NO_COMMON_BLOCKS = YES;
				GCC_OPTIMIZATION_LEVEL = 0;
				GCC_PREPROCESSOR_DEFINITIONS = (
					"DEBUG=1",
					"$(inherited)",
				);
				GCC_WARN_64_TO_32_BIT_CONVERSION = YES;
				GCC_WARN_ABOUT_RETURN_TYPE = YES_ERROR;
				GCC_WARN_UNDECLARED_SELECTOR = YES;
				GCC_WARN_UNINITIALIZED_AUTOS = YES_AGGRESSIVE;
				GCC_WARN_UNUSED_FUNCTION = YES;
				GCC_WARN_UNUSED_VARIABLE = YES;
				IPHONEOS_DEPLOYMENT_TARGET = 8.4;
				MTL_ENABLE_DEBUG_INFO = YES;
				ONLY_ACTIVE_ARCH = YES;
				SDKROOT = iphoneos;
			};
			name = Debug;
		};
		CA4C28BF1BB08630001DE2EB /* Release */ = {
			isa = XCBuildConfiguration;
			buildSettings = {
				ALWAYS_SEARCH_USER_PATHS = NO;
				CLANG_CXX_LANGUAGE_STANDARD = "gnu++0x";
				CLANG_CXX_LIBRARY = "libc++";
				CLANG_ENABLE_MODULES = YES;
				CLANG_ENABLE_OBJC_ARC = YES;
				CLANG_WARN_BOOL_CONVERSION = YES;
				CLANG_WARN_CONSTANT_CONVERSION = YES;
				CLANG_WARN_DIRECT_OBJC_ISA_USAGE = YES_ERROR;
				CLANG_WARN_EMPTY_BODY = YES;
				CLANG_WARN_ENUM_CONVERSION = YES;
				CLANG_WARN_INT_CONVERSION = YES;
				CLANG_WARN_OBJC_ROOT_CLASS = YES_ERROR;
				CLANG_WARN_UNREACHABLE_CODE = YES;
				CLANG_WARN__DUPLICATE_METHOD_MATCH = YES;
				"CODE_SIGN_IDENTITY[sdk=iphoneos*]" = "iPhone Developer";
				COPY_PHASE_STRIP = NO;
				DEBUG_INFORMATION_FORMAT = "dwarf-with-dsym";
				ENABLE_NS_ASSERTIONS = NO;
				ENABLE_STRICT_OBJC_MSGSEND = YES;
				GCC_C_LANGUAGE_STANDARD = gnu99;
				GCC_NO_COMMON_BLOCKS = YES;
				GCC_WARN_64_TO_32_BIT_CONVERSION = YES;
				GCC_WARN_ABOUT_RETURN_TYPE = YES_ERROR;
				GCC_WARN_UNDECLARED_SELECTOR = YES;
				GCC_WARN_UNINITIALIZED_AUTOS = YES_AGGRESSIVE;
				GCC_WARN_UNUSED_FUNCTION = YES;
				GCC_WARN_UNUSED_VARIABLE = YES;
				IPHONEOS_DEPLOYMENT_TARGET = 8.4;
				MTL_ENABLE_DEBUG_INFO = NO;
				SDKROOT = iphoneos;
				VALIDATE_PRODUCT = YES;
			};
			name = Release;
		};
		CA4C28C11BB08630001DE2EB /* Debug */ = {
			isa = XCBuildConfiguration;
			buildSettings = {
				ASSETCATALOG_COMPILER_APPICON_NAME = AppIcon;
				INFOPLIST_FILE = "Project-Vienna/Info.plist";
				LD_RUNPATH_SEARCH_PATHS = "$(inherited) @executable_path/Frameworks";
				PRODUCT_BUNDLE_IDENTIFIER = "home.Project-Vienna";
				PRODUCT_NAME = "$(TARGET_NAME)";
			};
			name = Debug;
		};
		CA4C28C21BB08630001DE2EB /* Release */ = {
			isa = XCBuildConfiguration;
			buildSettings = {
				ASSETCATALOG_COMPILER_APPICON_NAME = AppIcon;
				INFOPLIST_FILE = "Project-Vienna/Info.plist";
				LD_RUNPATH_SEARCH_PATHS = "$(inherited) @executable_path/Frameworks";
				PRODUCT_BUNDLE_IDENTIFIER = "home.Project-Vienna";
				PRODUCT_NAME = "$(TARGET_NAME)";
			};
			name = Release;
		};
/* End XCBuildConfiguration section */

/* Begin XCConfigurationList section */
		CA4C28A11BB08630001DE2EB /* Build configuration list for PBXProject "Project-Vienna" */ = {
			isa = XCConfigurationList;
			buildConfigurations = (
				CA4C28BE1BB08630001DE2EB /* Debug */,
				CA4C28BF1BB08630001DE2EB /* Release */,
			);
			defaultConfigurationIsVisible = 0;
			defaultConfigurationName = Release;
		};
		CA4C28C01BB08630001DE2EB /* Build configuration list for PBXNativeTarget "Project-Vienna" */ = {
			isa = XCConfigurationList;
			buildConfigurations = (
				CA4C28C11BB08630001DE2EB /* Debug */,
				CA4C28C21BB08630001DE2EB /* Release */,
			);
			defaultConfigurationIsVisible = 0;
			defaultConfigurationName = Release;
		};
/* End XCConfigurationList section */

/* Begin XCVersionGroup section */
		CA1AE40E1BB207D40080D6AA /* Model.xcdatamodeld */ = {
			isa = XCVersionGroup;
			children = (
				CA1AE40F1BB207D40080D6AA /* Model.xcdatamodel */,
			);
			currentVersion = CA1AE40F1BB207D40080D6AA /* Model.xcdatamodel */;
			path = Model.xcdatamodeld;
			sourceTree = "<group>";
			versionGroupType = wrapper.xcdatamodel;
		};
/* End XCVersionGroup section */
	};
	rootObject = CA4C289E1BB08630001DE2EB /* Project object */;
}
