// !$*UTF8*$!
{
	archiveVersion = 1;
	classes = {
	};
	objectVersion = 46;
	objects = {

/* Begin PBXBuildFile section */
		12283E191BB0B53600259558 /* AttractionsListCell.m in Sources */ = {isa = PBXBuildFile; fileRef = 12283E181BB0B53600259558 /* AttractionsListCell.m */; settings = {ASSET_TAGS = (); }; };
		12716B1B1BB0A96100CC21E8 /* Model.xcdatamodeld in Sources */ = {isa = PBXBuildFile; fileRef = 12716B191BB0A96100CC21E8 /* Model.xcdatamodeld */; settings = {ASSET_TAGS = (); }; };
		CA4C28AB1BB08630001DE2EB /* main.m in Sources */ = {isa = PBXBuildFile; fileRef = CA4C28AA1BB08630001DE2EB /* main.m */; };
		CA4C28AE1BB08630001DE2EB /* AppDelegate.m in Sources */ = {isa = PBXBuildFile; fileRef = CA4C28AD1BB08630001DE2EB /* AppDelegate.m */; };
		CA4C28B11BB08630001DE2EB /* CityViewController.m in Sources */ = {isa = PBXBuildFile; fileRef = CA4C28B01BB08630001DE2EB /* CityViewController.m */; };
		CA4C28B41BB08630001DE2EB /* SecondViewController.m in Sources */ = {isa = PBXBuildFile; fileRef = CA4C28B31BB08630001DE2EB /* SecondViewController.m */; };
		CA4C28B71BB08630001DE2EB /* Main.storyboard in Resources */ = {isa = PBXBuildFile; fileRef = CA4C28B51BB08630001DE2EB /* Main.storyboard */; };
		CA4C28B91BB08630001DE2EB /* Assets.xcassets in Resources */ = {isa = PBXBuildFile; fileRef = CA4C28B81BB08630001DE2EB /* Assets.xcassets */; };
		CA4C28BC1BB08630001DE2EB /* LaunchScreen.storyboard in Resources */ = {isa = PBXBuildFile; fileRef = CA4C28BA1BB08630001DE2EB /* LaunchScreen.storyboard */; };
		CA4C28C71BB0B737001DE2EB /* buildings.png in Resources */ = {isa = PBXBuildFile; fileRef = CA4C28C41BB0B737001DE2EB /* buildings.png */; settings = {ASSET_TAGS = (); }; };
/* End PBXBuildFile section */

/* Begin PBXFileReference section */
		12283E171BB0B53600259558 /* AttractionsListCell.h */ = {isa = PBXFileReference; fileEncoding = 4; lastKnownFileType = sourcecode.c.h; path = AttractionsListCell.h; sourceTree = "<group>"; };
		12283E181BB0B53600259558 /* AttractionsListCell.m */ = {isa = PBXFileReference; fileEncoding = 4; lastKnownFileType = sourcecode.c.objc; path = AttractionsListCell.m; sourceTree = "<group>"; };
		12716B1A1BB0A96100CC21E8 /* Model.xcdatamodel */ = {isa = PBXFileReference; lastKnownFileType = wrapper.xcdatamodel; path = Model.xcdatamodel; sourceTree = "<group>"; };
		CA4C28A61BB08630001DE2EB /* Project-Vienna.app */ = {isa = PBXFileReference; explicitFileType = wrapper.application; includeInIndex = 0; path = "Project-Vienna.app"; sourceTree = BUILT_PRODUCTS_DIR; };
		CA4C28AA1BB08630001DE2EB /* main.m */ = {isa = PBXFileReference; lastKnownFileType = sourcecode.c.objc; path = main.m; sourceTree = "<group>"; };
		CA4C28AC1BB08630001DE2EB /* AppDelegate.h */ = {isa = PBXFileReference; lastKnownFileType = sourcecode.c.h; path = AppDelegate.h; sourceTree = "<group>"; };
		CA4C28AD1BB08630001DE2EB /* AppDelegate.m */ = {isa = PBXFileReference; lastKnownFileType = sourcecode.c.objc; path = AppDelegate.m; sourceTree = "<group>"; };
		CA4C28AF1BB08630001DE2EB /* CityViewController.h */ = {isa = PBXFileReference; lastKnownFileType = sourcecode.c.h; path = CityViewController.h; sourceTree = "<group>"; };
		CA4C28B01BB08630001DE2EB /* CityViewController.m */ = {isa = PBXFileReference; lastKnownFileType = sourcecode.c.objc; path = CityViewController.m; sourceTree = "<group>"; };
		CA4C28B21BB08630001DE2EB /* SecondViewController.h */ = {isa = PBXFileReference; lastKnownFileType = sourcecode.c.h; path = SecondViewController.h; sourceTree = "<group>"; };
		CA4C28B31BB08630001DE2EB /* SecondViewController.m */ = {isa = PBXFileReference; lastKnownFileType = sourcecode.c.objc; path = SecondViewController.m; sourceTree = "<group>"; };
		CA4C28B61BB08630001DE2EB /* Base */ = {isa = PBXFileReference; lastKnownFileType = file.storyboard; name = Base; path = Base.lproj/Main.storyboard; sourceTree = "<group>"; };
		CA4C28B81BB08630001DE2EB /* Assets.xcassets */ = {isa = PBXFileReference; lastKnownFileType = folder.assetcatalog; path = Assets.xcassets; sourceTree = "<group>"; };
		CA4C28BB1BB08630001DE2EB /* Base */ = {isa = PBXFileReference; lastKnownFileType = file.storyboard; name = Base; path = Base.lproj/LaunchScreen.storyboard; sourceTree = "<group>"; };
		CA4C28BD1BB08630001DE2EB /* Info.plist */ = {isa = PBXFileReference; lastKnownFileType = text.plist.xml; path = Info.plist; sourceTree = "<group>"; };
		CA4C28C41BB0B737001DE2EB /* buildings.png */ = {isa = PBXFileReference; lastKnownFileType = image.png; path = buildings.png; sourceTree = "<group>"; };
/* End PBXFileReference section */

/* Begin PBXFrameworksBuildPhase section */
		CA4C28A31BB08630001DE2EB /* Frameworks */ = {
			isa = PBXFrameworksBuildPhase;
			buildActionMask = 2147483647;
			files = (
			);
			runOnlyForDeploymentPostprocessing = 0;
		};
/* End PBXFrameworksBuildPhase section */

/* Begin PBXGroup section */
		CA4C289D1BB08630001DE2EB = {
			isa = PBXGroup;
			children = (
				CA4C28A81BB08630001DE2EB /* Project-Vienna */,
				CA4C28A71BB08630001DE2EB /* Products */,
			);
			sourceTree = "<group>";
		};
		CA4C28A71BB08630001DE2EB /* Products */ = {
			isa = PBXGroup;
			children = (
				CA4C28A61BB08630001DE2EB /* Project-Vienna.app */,
			);
			name = Products;
			sourceTree = "<group>";
		};
		CA4C28A81BB08630001DE2EB /* Project-Vienna */ = {
			isa = PBXGroup;
			children = (
				CA4C28AC1BB08630001DE2EB /* AppDelegate.h */,
				CA4C28AD1BB08630001DE2EB /* AppDelegate.m */,
				12283E171BB0B53600259558 /* AttractionsListCell.h */,
				12283E181BB0B53600259558 /* AttractionsListCell.m */,
				CA4C28AF1BB08630001DE2EB /* CityViewController.h */,
				CA4C28B01BB08630001DE2EB /* CityViewController.m */,
				CA4C28B21BB08630001DE2EB /* SecondViewController.h */,
				CA4C28B31BB08630001DE2EB /* SecondViewController.m */,
				CA4C28B51BB08630001DE2EB /* Main.storyboard */,
				12716B191BB0A96100CC21E8 /* Model.xcdatamodeld */,
				CA4C28B81BB08630001DE2EB /* Assets.xcassets */,
				CA4C28BA1BB08630001DE2EB /* LaunchScreen.storyboard */,
				CA4C28BD1BB08630001DE2EB /* Info.plist */,
				CA4C28C91BB0B73D001DE2EB /* Images */,
				CA4C28A91BB08630001DE2EB /* Supporting Files */,
			);
			path = "Project-Vienna";
			sourceTree = "<group>";
		};
		CA4C28A91BB08630001DE2EB /* Supporting Files */ = {
			isa = PBXGroup;
			children = (
				CA4C28AA1BB08630001DE2EB /* main.m */,
			);
			name = "Supporting Files";
			sourceTree = "<group>";
		};
		CA4C28C91BB0B73D001DE2EB /* Images */ = {
			isa = PBXGroup;
			children = (
				CA4C28C41BB0B737001DE2EB /* buildings.png */,
			);
			name = Images;
			sourceTree = "<group>";
		};
/* End PBXGroup section */

/* Begin PBXNativeTarget section */
		CA4C28A51BB08630001DE2EB /* Project-Vienna */ = {
			isa = PBXNativeTarget;
			buildConfigurationList = CA4C28C01BB08630001DE2EB /* Build configuration list for PBXNativeTarget "Project-Vienna" */;
			buildPhases = (
				CA4C28A21BB08630001DE2EB /* Sources */,
				CA4C28A31BB08630001DE2EB /* Frameworks */,
				CA4C28A41BB08630001DE2EB /* Resources */,
			);
			buildRules = (
			);
			dependencies = (
			);
			name = "Project-Vienna";
			productName = "Project-Vienna";
			productReference = CA4C28A61BB08630001DE2EB /* Project-Vienna.app */;
			productType = "com.apple.product-type.application";
		};
/* End PBXNativeTarget section */

/* Begin PBXProject section */
		CA4C289E1BB08630001DE2EB /* Project object */ = {
			isa = PBXProject;
			attributes = {
				LastUpgradeCheck = 0700;
				ORGANIZATIONNAME = "Rodrigo Moura Gonçalves";
				TargetAttributes = {
					CA4C28A51BB08630001DE2EB = {
						CreatedOnToolsVersion = 7.0;
					};
				};
			};
			buildConfigurationList = CA4C28A11BB08630001DE2EB /* Build configuration list for PBXProject "Project-Vienna" */;
			compatibilityVersion = "Xcode 3.2";
			developmentRegion = English;
			hasScannedForEncodings = 0;
			knownRegions = (
				en,
				Base,
			);
			mainGroup = CA4C289D1BB08630001DE2EB;
			productRefGroup = CA4C28A71BB08630001DE2EB /* Products */;
			projectDirPath = "";
			projectRoot = "";
			targets = (
				CA4C28A51BB08630001DE2EB /* Project-Vienna */,
			);
		};
/* End PBXProject section */

/* Begin PBXResourcesBuildPhase section */
		CA4C28A41BB08630001DE2EB /* Resources */ = {
			isa = PBXResourcesBuildPhase;
			buildActionMask = 2147483647;
			files = (
				CA4C28BC1BB08630001DE2EB /* LaunchScreen.storyboard in Resources */,
				CA4C28B91BB08630001DE2EB /* Assets.xcassets in Resources */,
				CA4C28B71BB08630001DE2EB /* Main.storyboard in Resources */,
				CA4C28C71BB0B737001DE2EB /* buildings.png in Resources */,
			);
			runOnlyForDeploymentPostprocessing = 0;
		};
/* End PBXResourcesBuildPhase section */

/* Begin PBXSourcesBuildPhase section */
		CA4C28A21BB08630001DE2EB /* Sources */ = {
			isa = PBXSourcesBuildPhase;
			buildActionMask = 2147483647;
			files = (
				CA4C28B41BB08630001DE2EB /* SecondViewController.m in Sources */,
				CA4C28AE1BB08630001DE2EB /* AppDelegate.m in Sources */,
				12716B1B1BB0A96100CC21E8 /* Model.xcdatamodeld in Sources */,
				CA4C28B11BB08630001DE2EB /* CityViewController.m in Sources */,
				12283E191BB0B53600259558 /* AttractionsListCell.m in Sources */,
				CA4C28AB1BB08630001DE2EB /* main.m in Sources */,
			);
			runOnlyForDeploymentPostprocessing = 0;
		};
/* End PBXSourcesBuildPhase section */

/* Begin PBXVariantGroup section */
		CA4C28B51BB08630001DE2EB /* Main.storyboard */ = {
			isa = PBXVariantGroup;
			children = (
				CA4C28B61BB08630001DE2EB /* Base */,
			);
			name = Main.storyboard;
			sourceTree = "<group>";
		};
		CA4C28BA1BB08630001DE2EB /* LaunchScreen.storyboard */ = {
			isa = PBXVariantGroup;
			children = (
				CA4C28BB1BB08630001DE2EB /* Base */,
			);
			name = LaunchScreen.storyboard;
			sourceTree = "<group>";
		};
/* End PBXVariantGroup section */

/* Begin XCBuildConfiguration section */
		CA4C28BE1BB08630001DE2EB /* Debug */ = {
			isa = XCBuildConfiguration;
			buildSettings = {
				ALWAYS_SEARCH_USER_PATHS = NO;
				CLANG_CXX_LANGUAGE_STANDARD = "gnu++0x";
				CLANG_CXX_LIBRARY = "libc++";
				CLANG_ENABLE_MODULES = YES;
				CLANG_ENABLE_OBJC_ARC = YES;
				CLANG_WARN_BOOL_CONVERSION = YES;
				CLANG_WARN_CONSTANT_CONVERSION = YES;
				CLANG_WARN_DIRECT_OBJC_ISA_USAGE = YES_ERROR;
				CLANG_WARN_EMPTY_BODY = YES;
				CLANG_WARN_ENUM_CONVERSION = YES;
				CLANG_WARN_INT_CONVERSION = YES;
				CLANG_WARN_OBJC_ROOT_CLASS = YES_ERROR;
				CLANG_WARN_UNREACHABLE_CODE = YES;
				CLANG_WARN__DUPLICATE_METHOD_MATCH = YES;
				"CODE_SIGN_IDENTITY[sdk=iphoneos*]" = "iPhone Developer";
				COPY_PHASE_STRIP = NO;
				DEBUG_INFORMATION_FORMAT = dwarf;
				ENABLE_STRICT_OBJC_MSGSEND = YES;
				ENABLE_TESTABILITY = YES;
				GCC_C_LANGUAGE_STANDARD = gnu99;
				GCC_DYNAMIC_NO_PIC = NO;
				GCC_NO_COMMON_BLOCKS = YES;
				GCC_OPTIMIZATION_LEVEL = 0;
				GCC_PREPROCESSOR_DEFINITIONS = (
					"DEBUG=1",
					"$(inherited)",
				);
				GCC_WARN_64_TO_32_BIT_CONVERSION = YES;
				GCC_WARN_ABOUT_RETURN_TYPE = YES_ERROR;
				GCC_WARN_UNDECLARED_SELECTOR = YES;
				GCC_WARN_UNINITIALIZED_AUTOS = YES_AGGRESSIVE;
				GCC_WARN_UNUSED_FUNCTION = YES;
				GCC_WARN_UNUSED_VARIABLE = YES;
				IPHONEOS_DEPLOYMENT_TARGET = 8.4;
				MTL_ENABLE_DEBUG_INFO = YES;
				ONLY_ACTIVE_ARCH = YES;
				SDKROOT = iphoneos;
			};
			name = Debug;
		};
		CA4C28BF1BB08630001DE2EB /* Release */ = {
			isa = XCBuildConfiguration;
			buildSettings = {
				ALWAYS_SEARCH_USER_PATHS = NO;
				CLANG_CXX_LANGUAGE_STANDARD = "gnu++0x";
				CLANG_CXX_LIBRARY = "libc++";
				CLANG_ENABLE_MODULES = YES;
				CLANG_ENABLE_OBJC_ARC = YES;
				CLANG_WARN_BOOL_CONVERSION = YES;
				CLANG_WARN_CONSTANT_CONVERSION = YES;
				CLANG_WARN_DIRECT_OBJC_ISA_USAGE = YES_ERROR;
				CLANG_WARN_EMPTY_BODY = YES;
				CLANG_WARN_ENUM_CONVERSION = YES;
				CLANG_WARN_INT_CONVERSION = YES;
				CLANG_WARN_OBJC_ROOT_CLASS = YES_ERROR;
				CLANG_WARN_UNREACHABLE_CODE = YES;
				CLANG_WARN__DUPLICATE_METHOD_MATCH = YES;
				"CODE_SIGN_IDENTITY[sdk=iphoneos*]" = "iPhone Developer";
				COPY_PHASE_STRIP = NO;
				DEBUG_INFORMATION_FORMAT = "dwarf-with-dsym";
				ENABLE_NS_ASSERTIONS = NO;
				ENABLE_STRICT_OBJC_MSGSEND = YES;
				GCC_C_LANGUAGE_STANDARD = gnu99;
				GCC_NO_COMMON_BLOCKS = YES;
				GCC_WARN_64_TO_32_BIT_CONVERSION = YES;
				GCC_WARN_ABOUT_RETURN_TYPE = YES_ERROR;
				GCC_WARN_UNDECLARED_SELECTOR = YES;
				GCC_WARN_UNINITIALIZED_AUTOS = YES_AGGRESSIVE;
				GCC_WARN_UNUSED_FUNCTION = YES;
				GCC_WARN_UNUSED_VARIABLE = YES;
				IPHONEOS_DEPLOYMENT_TARGET = 8.4;
				MTL_ENABLE_DEBUG_INFO = NO;
				SDKROOT = iphoneos;
				VALIDATE_PRODUCT = YES;
			};
			name = Release;
		};
		CA4C28C11BB08630001DE2EB /* Debug */ = {
			isa = XCBuildConfiguration;
			buildSettings = {
				ASSETCATALOG_COMPILER_APPICON_NAME = AppIcon;
				INFOPLIST_FILE = "Project-Vienna/Info.plist";
				LD_RUNPATH_SEARCH_PATHS = "$(inherited) @executable_path/Frameworks";
				PRODUCT_BUNDLE_IDENTIFIER = "home.Project-Vienna";
				PRODUCT_NAME = "$(TARGET_NAME)";
			};
			name = Debug;
		};
		CA4C28C21BB08630001DE2EB /* Release */ = {
			isa = XCBuildConfiguration;
			buildSettings = {
				ASSETCATALOG_COMPILER_APPICON_NAME = AppIcon;
				INFOPLIST_FILE = "Project-Vienna/Info.plist";
				LD_RUNPATH_SEARCH_PATHS = "$(inherited) @executable_path/Frameworks";
				PRODUCT_BUNDLE_IDENTIFIER = "home.Project-Vienna";
				PRODUCT_NAME = "$(TARGET_NAME)";
			};
			name = Release;
		};
/* End XCBuildConfiguration section */

/* Begin XCConfigurationList section */
		CA4C28A11BB08630001DE2EB /* Build configuration list for PBXProject "Project-Vienna" */ = {
			isa = XCConfigurationList;
			buildConfigurations = (
				CA4C28BE1BB08630001DE2EB /* Debug */,
				CA4C28BF1BB08630001DE2EB /* Release */,
			);
			defaultConfigurationIsVisible = 0;
			defaultConfigurationName = Release;
		};
		CA4C28C01BB08630001DE2EB /* Build configuration list for PBXNativeTarget "Project-Vienna" */ = {
			isa = XCConfigurationList;
			buildConfigurations = (
				CA4C28C11BB08630001DE2EB /* Debug */,
				CA4C28C21BB08630001DE2EB /* Release */,
			);
			defaultConfigurationIsVisible = 0;
			defaultConfigurationName = Release;
		};
/* End XCConfigurationList section */

/* Begin XCVersionGroup section */
		12716B191BB0A96100CC21E8 /* Model.xcdatamodeld */ = {
			isa = XCVersionGroup;
			children = (
				12716B1A1BB0A96100CC21E8 /* Model.xcdatamodel */,
			);
			currentVersion = 12716B1A1BB0A96100CC21E8 /* Model.xcdatamodel */;
			path = Model.xcdatamodeld;
			sourceTree = "<group>";
			versionGroupType = wrapper.xcdatamodel;
		};
/* End XCVersionGroup section */
	};
	rootObject = CA4C289E1BB08630001DE2EB /* Project object */;
}
